<?xml version="1.0" encoding="utf-8"?>
<Project ToolsVersion="4.0" xmlns="http://schemas.microsoft.com/developer/msbuild/2003">
  <ItemGroup>
    <Filter Include="Kernel">
      <UniqueIdentifier>{db5b2926-4f69-46f0-9d07-d476c58eab99}</UniqueIdentifier>
    </Filter>
    <Filter Include="Parser">
      <UniqueIdentifier>{230eeb7f-19eb-4d2f-8f19-3ff0dcc38dbe}</UniqueIdentifier>
    </Filter>
    <Filter Include="Parser\TinyXML">
      <UniqueIdentifier>{e64c13d7-f9fd-44ee-852a-159b8f347660}</UniqueIdentifier>
    </Filter>
  </ItemGroup>
  <ItemGroup>
    <ClCompile Include="StdAfx.cpp">
      <Filter>Kernel</Filter>
    </ClCompile>
    <ClCompile Include="xrXMLParser.cpp">
      <Filter>Parser</Filter>
    </ClCompile>
    <ClCompile Include="tinystr.cpp">
      <Filter>Parser\TinyXML</Filter>
    </ClCompile>
    <ClCompile Include="tinyxml.cpp">
      <Filter>Parser\TinyXML</Filter>
    </ClCompile>
    <ClCompile Include="tinyxmlerror.cpp">
      <Filter>Parser\TinyXML</Filter>
    </ClCompile>
    <ClCompile Include="tinyxmlparser.cpp">
      <Filter>Parser\TinyXML</Filter>
    </ClCompile>
  </ItemGroup>
  <ItemGroup>
    <ClInclude Include="stdafx.h">
      <Filter>Kernel</Filter>
    </ClInclude>
    <ClInclude Include="xrXMLParser.h">
      <Filter>Parser</Filter>
    </ClInclude>
    <ClInclude Include="tinystr.h">
      <Filter>Parser\TinyXML</Filter>
    </ClInclude>
    <ClInclude Include="tinyxml.h">
      <Filter>Parser\TinyXML</Filter>
    </ClInclude>
  </ItemGroup>
</Project>