<?xml version="1.0" encoding="utf-8"?>
<Project ToolsVersion="4.0" xmlns="http://schemas.microsoft.com/developer/msbuild/2003">
  <ItemGroup>
    <Filter Include="Kernel">
      <UniqueIdentifier>{eab13f84-0ab2-4453-852a-f8472a47527e}</UniqueIdentifier>
    </Filter>
    <Filter Include="Shared Files">
      <UniqueIdentifier>{f62e651e-b7a5-4888-ac08-8d42f057e9d2}</UniqueIdentifier>
    </Filter>
    <Filter Include="Shared Files\Engine">
      <UniqueIdentifier>{0d1af7fe-6179-407e-9641-8ef2bb91bad6}</UniqueIdentifier>
    </Filter>
    <Filter Include="Shared Files\Editor">
      <UniqueIdentifier>{e84a98d5-b988-42d8-9d99-768371d3c12c}</UniqueIdentifier>
    </Filter>
    <Filter Include="Export">
      <UniqueIdentifier>{54d6c859-be93-4c25-b34a-85eb88421bde}</UniqueIdentifier>
    </Filter>
    <Filter Include="Export\Skin">
      <UniqueIdentifier>{adbfc9ec-7d6b-4297-888c-c9b06f4fc2f2}</UniqueIdentifier>
    </Filter>
    <Filter Include="Export\Object">
      <UniqueIdentifier>{67a5a1ba-be01-4c4f-8a60-056ffbb83c4f}</UniqueIdentifier>
    </Filter>
  </ItemGroup>
  <ItemGroup>
    <ClCompile Include="Export\stdafx.cpp">
      <Filter>Kernel</Filter>
    </ClCompile>
    <ClCompile Include="Export\XRayExport.cpp">
      <Filter>Kernel</Filter>
    </ClCompile>
    <ClCompile Include="..\Shared\bone.cpp">
      <Filter>Shared Files\Engine</Filter>
    </ClCompile>
    <ClCompile Include="..\Shared\Envelope.cpp">
      <Filter>Shared Files\Engine</Filter>
    </ClCompile>
    <ClCompile Include="..\Shared\interp.cpp">
      <Filter>Shared Files\Engine</Filter>
    </ClCompile>
    <ClCompile Include="..\Shared\motion.cpp">
      <Filter>Shared Files\Engine</Filter>
    </ClCompile>
    <ClCompile Include="..\..\editors\ECore\Editor\EditMesh.cpp">
      <Filter>Shared Files\Editor</Filter>
    </ClCompile>
    <ClCompile Include="..\..\editors\ECore\Editor\EditMeshIO.cpp">
      <Filter>Shared Files\Editor</Filter>
    </ClCompile>
    <ClCompile Include="..\..\editors\ECore\Editor\EditMeshModify.cpp">
      <Filter>Shared Files\Editor</Filter>
    </ClCompile>
    <ClCompile Include="..\..\editors\ECore\Editor\EditObject.cpp">
      <Filter>Shared Files\Editor</Filter>
    </ClCompile>
    <ClCompile Include="..\..\editors\ECore\Editor\EditObjectIO.cpp">
      <Filter>Shared Files\Editor</Filter>
    </ClCompile>
    <ClCompile Include="..\..\editors\ECore\Editor\EditObjectMotions.cpp">
      <Filter>Shared Files\Editor</Filter>
    </ClCompile>
    <ClCompile Include="..\..\editors\ECore\Editor\ELog.cpp">
      <Filter>Shared Files\Editor</Filter>
    </ClCompile>
    <ClCompile Include="Export\ExportDefines.cpp">
      <Filter>Export</Filter>
    </ClCompile>
    <ClCompile Include="Export\SmdBone.cpp">
      <Filter>Export\Skin</Filter>
    </ClCompile>
    <ClCompile Include="Export\SmdMaya.cpp">
      <Filter>Export\Skin</Filter>
    </ClCompile>
    <ClCompile Include="Export\SmdTriangle.cpp">
      <Filter>Export\Skin</Filter>
    </ClCompile>
    <ClCompile Include="Export\maTranslator.cpp">
      <Filter>Export\Object</Filter>
    </ClCompile>
    <ClCompile Include="Export\MayaExport.cpp">
      <Filter>Export\Object</Filter>
    </ClCompile>
  </ItemGroup>
  <ItemGroup>
    <ClInclude Include="Export\Stdafx.h">
      <Filter>Kernel</Filter>
    </ClInclude>
    <ClInclude Include="..\Shared\bone.h">
      <Filter>Shared Files\Engine</Filter>
    </ClInclude>
    <ClInclude Include="..\Shared\envelope.h">
      <Filter>Shared Files\Engine</Filter>
    </ClInclude>
    <ClInclude Include="..\Shared\motion.h">
      <Filter>Shared Files\Engine</Filter>
    </ClInclude>
    <ClInclude Include="..\..\editors\ECore\Editor\EditMesh.h">
      <Filter>Shared Files\Editor</Filter>
    </ClInclude>
    <ClInclude Include="..\..\editors\ECore\Editor\EditObject.h">
      <Filter>Shared Files\Editor</Filter>
    </ClInclude>
    <ClInclude Include="..\..\editors\ECore\Editor\ELog.h">
      <Filter>Shared Files\Editor</Filter>
    </ClInclude>
    <ClInclude Include="Export\ExportDefines.h">
      <Filter>Export</Filter>
    </ClInclude>
    <ClInclude Include="Export\SmdBone.h">
      <Filter>Export\Skin</Filter>
    </ClInclude>
    <ClInclude Include="Export\SmdMaya.h">
      <Filter>Export\Skin</Filter>
    </ClInclude>
    <ClInclude Include="Export\SmdTriangle.h">
      <Filter>Export\Skin</Filter>
    </ClInclude>
    <ClInclude Include="Export\maTranslator.h">
      <Filter>Export\Object</Filter>
    </ClInclude>
  </ItemGroup>
  <ItemGroup>
    <None Include="Export\xraySkinExportOptions.mel">
      <Filter>Export\Skin</Filter>
    </None>
    <None Include="Export\xraySkinMotionExportOptions.mel">
      <Filter>Export\Skin</Filter>
    </None>
  </ItemGroup>
</Project>